// !$*UTF8*$!
{
	archiveVersion = 1;
	classes = {
	};
	objectVersion = 46;
	objects = {

/* Begin PBXBuildFile section */
		4F44D3D21F1951DD00B98FFC /* MainMenu.xib in Resources */ = {isa = PBXBuildFile; fileRef = 4F44D3C21F1951DD00B98FFC /* MainMenu.xib */; };
		4F44D3D31F1951DD00B98FFC /* Credits.rtf in Resources */ = {isa = PBXBuildFile; fileRef = 4F44D3C41F1951DD00B98FFC /* Credits.rtf */; };
		4F44D3D41F1951DD00B98FFC /* Images.xcassets in Resources */ = {isa = PBXBuildFile; fileRef = 4F44D3C61F1951DD00B98FFC /* Images.xcassets */; };
		4F44D3D51F1951DD00B98FFC /* Info.plist in Resources */ = {isa = PBXBuildFile; fileRef = 4F44D3C71F1951DD00B98FFC /* Info.plist */; };
		4F44D3D61F1951DD00B98FFC /* main.m in Sources */ = {isa = PBXBuildFile; fileRef = 4F44D3C81F1951DD00B98FFC /* main.m */; };
		4F44D3D71F1951DD00B98FFC /* TimerDone.aif in Resources */ = {isa = PBXBuildFile; fileRef = 4F44D3C91F1951DD00B98FFC /* TimerDone.aif */; };
		4F44D3D81F1951DD00B98FFC /* TimerDone2.aif in Resources */ = {isa = PBXBuildFile; fileRef = 4F44D3CA1F1951DD00B98FFC /* TimerDone2.aif */; };
		4F44D3D91F1951DD00B98FFC /* TTAppDelegate.m in Sources */ = {isa = PBXBuildFile; fileRef = 4F44D3CD1F1951DD00B98FFC /* TTAppDelegate.m */; };
		4F44D3DA1F1951DD00B98FFC /* TTMenuController.m in Sources */ = {isa = PBXBuildFile; fileRef = 4F44D3CF1F1951DD00B98FFC /* TTMenuController.m */; };
		4F44D3DB1F1951DD00B98FFC /* TTMenuItem.m in Sources */ = {isa = PBXBuildFile; fileRef = 4F44D3D11F1951DD00B98FFC /* TTMenuItem.m */; };
		4F71637F18DCCB6E008EB38B /* Cocoa.framework in Frameworks */ = {isa = PBXBuildFile; fileRef = 4F71637E18DCCB6E008EB38B /* Cocoa.framework */; };
/* End PBXBuildFile section */

/* Begin PBXFileReference section */
		4F44D3C31F1951DD00B98FFC /* Base */ = {isa = PBXFileReference; lastKnownFileType = file.xib; name = Base; path = Base.lproj/MainMenu.xib; sourceTree = "<group>"; };
		4F44D3C51F1951DD00B98FFC /* en */ = {isa = PBXFileReference; lastKnownFileType = text.rtf; name = en; path = en.lproj/Credits.rtf; sourceTree = "<group>"; };
		4F44D3C61F1951DD00B98FFC /* Images.xcassets */ = {isa = PBXFileReference; lastKnownFileType = folder.assetcatalog; path = Images.xcassets; sourceTree = "<group>"; };
		4F44D3C71F1951DD00B98FFC /* Info.plist */ = {isa = PBXFileReference; fileEncoding = 4; lastKnownFileType = text.plist.xml; path = Info.plist; sourceTree = "<group>"; };
		4F44D3C81F1951DD00B98FFC /* main.m */ = {isa = PBXFileReference; fileEncoding = 4; lastKnownFileType = sourcecode.c.objc; path = main.m; sourceTree = "<group>"; };
		4F44D3C91F1951DD00B98FFC /* TimerDone.aif */ = {isa = PBXFileReference; lastKnownFileType = file; path = TimerDone.aif; sourceTree = "<group>"; };
		4F44D3CA1F1951DD00B98FFC /* TimerDone2.aif */ = {isa = PBXFileReference; lastKnownFileType = file; path = TimerDone2.aif; sourceTree = "<group>"; };
		4F44D3CB1F1951DD00B98FFC /* Tomato Ticker-Prefix.pch */ = {isa = PBXFileReference; fileEncoding = 4; lastKnownFileType = sourcecode.c.h; path = "Tomato Ticker-Prefix.pch"; sourceTree = "<group>"; };
		4F44D3CC1F1951DD00B98FFC /* TTAppDelegate.h */ = {isa = PBXFileReference; fileEncoding = 4; lastKnownFileType = sourcecode.c.h; path = TTAppDelegate.h; sourceTree = "<group>"; };
		4F44D3CD1F1951DD00B98FFC /* TTAppDelegate.m */ = {isa = PBXFileReference; fileEncoding = 4; lastKnownFileType = sourcecode.c.objc; path = TTAppDelegate.m; sourceTree = "<group>"; };
		4F44D3CE1F1951DD00B98FFC /* TTMenuController.h */ = {isa = PBXFileReference; fileEncoding = 4; lastKnownFileType = sourcecode.c.h; path = TTMenuController.h; sourceTree = "<group>"; };
		4F44D3CF1F1951DD00B98FFC /* TTMenuController.m */ = {isa = PBXFileReference; fileEncoding = 4; lastKnownFileType = sourcecode.c.objc; path = TTMenuController.m; sourceTree = "<group>"; };
		4F44D3D01F1951DD00B98FFC /* TTMenuItem.h */ = {isa = PBXFileReference; fileEncoding = 4; lastKnownFileType = sourcecode.c.h; path = TTMenuItem.h; sourceTree = "<group>"; };
		4F44D3D11F1951DD00B98FFC /* TTMenuItem.m */ = {isa = PBXFileReference; fileEncoding = 4; lastKnownFileType = sourcecode.c.objc; path = TTMenuItem.m; sourceTree = "<group>"; };
		4F71637B18DCCB6E008EB38B /* Tomato Ticker - The Work Timer.app */ = {isa = PBXFileReference; explicitFileType = wrapper.application; includeInIndex = 0; path = "Tomato Ticker - The Work Timer.app"; sourceTree = BUILT_PRODUCTS_DIR; };
		4F71637E18DCCB6E008EB38B /* Cocoa.framework */ = {isa = PBXFileReference; lastKnownFileType = wrapper.framework; name = Cocoa.framework; path = System/Library/Frameworks/Cocoa.framework; sourceTree = SDKROOT; };
		4F71638118DCCB6E008EB38B /* AppKit.framework */ = {isa = PBXFileReference; lastKnownFileType = wrapper.framework; name = AppKit.framework; path = System/Library/Frameworks/AppKit.framework; sourceTree = SDKROOT; };
		4F71638218DCCB6E008EB38B /* CoreData.framework */ = {isa = PBXFileReference; lastKnownFileType = wrapper.framework; name = CoreData.framework; path = System/Library/Frameworks/CoreData.framework; sourceTree = SDKROOT; };
		4F71638318DCCB6E008EB38B /* Foundation.framework */ = {isa = PBXFileReference; lastKnownFileType = wrapper.framework; name = Foundation.framework; path = System/Library/Frameworks/Foundation.framework; sourceTree = SDKROOT; };
		4F71639D18DCCB6F008EB38B /* XCTest.framework */ = {isa = PBXFileReference; lastKnownFileType = wrapper.framework; name = XCTest.framework; path = Library/Frameworks/XCTest.framework; sourceTree = DEVELOPER_DIR; };
/* End PBXFileReference section */

/* Begin PBXFrameworksBuildPhase section */
		4F71637818DCCB6E008EB38B /* Frameworks */ = {
			isa = PBXFrameworksBuildPhase;
			buildActionMask = 2147483647;
			files = (
				4F71637F18DCCB6E008EB38B /* Cocoa.framework in Frameworks */,
			);
			runOnlyForDeploymentPostprocessing = 0;
		};
/* End PBXFrameworksBuildPhase section */

/* Begin PBXGroup section */
		4F44D3C11F1951DD00B98FFC /* Twenty Five */ = {
			isa = PBXGroup;
			children = (
				4F44D3C21F1951DD00B98FFC /* MainMenu.xib */,
				4F44D3C41F1951DD00B98FFC /* Credits.rtf */,
				4F44D3C61F1951DD00B98FFC /* Images.xcassets */,
				4F44D3C71F1951DD00B98FFC /* Info.plist */,
				4F44D3C81F1951DD00B98FFC /* main.m */,
				4F44D3C91F1951DD00B98FFC /* TimerDone.aif */,
				4F44D3CA1F1951DD00B98FFC /* TimerDone2.aif */,
				4F44D3CB1F1951DD00B98FFC /* Tomato Ticker-Prefix.pch */,
				4F44D3CC1F1951DD00B98FFC /* TTAppDelegate.h */,
				4F44D3CD1F1951DD00B98FFC /* TTAppDelegate.m */,
				4F44D3CE1F1951DD00B98FFC /* TTMenuController.h */,
				4F44D3CF1F1951DD00B98FFC /* TTMenuController.m */,
				4F44D3D01F1951DD00B98FFC /* TTMenuItem.h */,
				4F44D3D11F1951DD00B98FFC /* TTMenuItem.m */,
			);
			path = "Twenty Five";
			sourceTree = "<group>";
		};
		4F71637218DCCB6E008EB38B = {
			isa = PBXGroup;
			children = (
				4F44D3C11F1951DD00B98FFC /* Twenty Five */,
				4F71637D18DCCB6E008EB38B /* Frameworks */,
				4F71637C18DCCB6E008EB38B /* Products */,
			);
			sourceTree = "<group>";
		};
		4F71637C18DCCB6E008EB38B /* Products */ = {
			isa = PBXGroup;
			children = (
				4F71637B18DCCB6E008EB38B /* Tomato Ticker - The Work Timer.app */,
			);
			name = Products;
			sourceTree = "<group>";
		};
		4F71637D18DCCB6E008EB38B /* Frameworks */ = {
			isa = PBXGroup;
			children = (
				4F71637E18DCCB6E008EB38B /* Cocoa.framework */,
				4F71639D18DCCB6F008EB38B /* XCTest.framework */,
				4F71638018DCCB6E008EB38B /* Other Frameworks */,
			);
			name = Frameworks;
			sourceTree = "<group>";
		};
		4F71638018DCCB6E008EB38B /* Other Frameworks */ = {
			isa = PBXGroup;
			children = (
				4F71638118DCCB6E008EB38B /* AppKit.framework */,
				4F71638218DCCB6E008EB38B /* CoreData.framework */,
				4F71638318DCCB6E008EB38B /* Foundation.framework */,
			);
			name = "Other Frameworks";
			sourceTree = "<group>";
		};
/* End PBXGroup section */

/* Begin PBXNativeTarget section */
		4F71637A18DCCB6E008EB38B /* TwentyFive - A Minimalist Productivity Timerr */ = {
			isa = PBXNativeTarget;
			buildConfigurationList = 4F7163AC18DCCB6F008EB38B /* Build configuration list for PBXNativeTarget "TwentyFive - A Minimalist Productivity Timerr" */;
			buildPhases = (
				4F71637718DCCB6E008EB38B /* Sources */,
				4F71637818DCCB6E008EB38B /* Frameworks */,
				4F71637918DCCB6E008EB38B /* Resources */,
			);
			buildRules = (
			);
			dependencies = (
			);
			name = "TwentyFive - A Minimalist Productivity Timerr";
			productName = "Tomato Ticker";
			productReference = 4F71637B18DCCB6E008EB38B /* Tomato Ticker - The Work Timer.app */;
			productType = "com.apple.product-type.application";
		};
/* End PBXNativeTarget section */

/* Begin PBXProject section */
		4F71637318DCCB6E008EB38B /* Project object */ = {
			isa = PBXProject;
			attributes = {
				CLASSPREFIX = TT;
				LastUpgradeCheck = 0820;
				ORGANIZATIONNAME = "Evan Lewis";
				TargetAttributes = {
					4F71637A18DCCB6E008EB38B = {
						ProvisioningStyle = Manual;
						SystemCapabilities = {
							com.apple.Sandbox = {
								enabled = 0;
							};
						};
					};
				};
			};
			buildConfigurationList = 4F71637618DCCB6E008EB38B /* Build configuration list for PBXProject "TwentyFive - A Minimalist Productivity Timer" */;
			compatibilityVersion = "Xcode 3.2";
			developmentRegion = English;
			hasScannedForEncodings = 0;
			knownRegions = (
				en,
				Base,
			);
			mainGroup = 4F71637218DCCB6E008EB38B;
			productRefGroup = 4F71637C18DCCB6E008EB38B /* Products */;
			projectDirPath = "";
			projectRoot = "";
			targets = (
				4F71637A18DCCB6E008EB38B /* TwentyFive - A Minimalist Productivity Timerr */,
			);
		};
/* End PBXProject section */

/* Begin PBXResourcesBuildPhase section */
		4F71637918DCCB6E008EB38B /* Resources */ = {
			isa = PBXResourcesBuildPhase;
			buildActionMask = 2147483647;
			files = (
				4F44D3D41F1951DD00B98FFC /* Images.xcassets in Resources */,
				4F44D3D51F1951DD00B98FFC /* Info.plist in Resources */,
				4F44D3D71F1951DD00B98FFC /* TimerDone.aif in Resources */,
				4F44D3D81F1951DD00B98FFC /* TimerDone2.aif in Resources */,
				4F44D3D31F1951DD00B98FFC /* Credits.rtf in Resources */,
				4F44D3D21F1951DD00B98FFC /* MainMenu.xib in Resources */,
			);
			runOnlyForDeploymentPostprocessing = 0;
		};
/* End PBXResourcesBuildPhase section */

/* Begin PBXSourcesBuildPhase section */
		4F71637718DCCB6E008EB38B /* Sources */ = {
			isa = PBXSourcesBuildPhase;
			buildActionMask = 2147483647;
			files = (
				4F44D3D61F1951DD00B98FFC /* main.m in Sources */,
				4F44D3D91F1951DD00B98FFC /* TTAppDelegate.m in Sources */,
				4F44D3DB1F1951DD00B98FFC /* TTMenuItem.m in Sources */,
				4F44D3DA1F1951DD00B98FFC /* TTMenuController.m in Sources */,
			);
			runOnlyForDeploymentPostprocessing = 0;
		};
/* End PBXSourcesBuildPhase section */

/* Begin PBXVariantGroup section */
		4F44D3C21F1951DD00B98FFC /* MainMenu.xib */ = {
			isa = PBXVariantGroup;
			children = (
				4F44D3C31F1951DD00B98FFC /* Base */,
			);
			name = MainMenu.xib;
			sourceTree = "<group>";
		};
		4F44D3C41F1951DD00B98FFC /* Credits.rtf */ = {
			isa = PBXVariantGroup;
			children = (
				4F44D3C51F1951DD00B98FFC /* en */,
			);
			name = Credits.rtf;
			sourceTree = "<group>";
		};
/* End PBXVariantGroup section */

/* Begin XCBuildConfiguration section */
		4F7163AA18DCCB6F008EB38B /* Debug */ = {
			isa = XCBuildConfiguration;
			buildSettings = {
				ALWAYS_SEARCH_USER_PATHS = NO;
				CLANG_CXX_LANGUAGE_STANDARD = "gnu++0x";
				CLANG_CXX_LIBRARY = "libc++";
				CLANG_ENABLE_MODULES = YES;
				CLANG_ENABLE_OBJC_ARC = YES;
				CLANG_WARN_BOOL_CONVERSION = YES;
				CLANG_WARN_CONSTANT_CONVERSION = YES;
				CLANG_WARN_DIRECT_OBJC_ISA_USAGE = YES_ERROR;
				CLANG_WARN_EMPTY_BODY = YES;
				CLANG_WARN_ENUM_CONVERSION = YES;
				CLANG_WARN_INFINITE_RECURSION = YES;
				CLANG_WARN_INT_CONVERSION = YES;
				CLANG_WARN_OBJC_ROOT_CLASS = YES_ERROR;
				CLANG_WARN_SUSPICIOUS_MOVE = YES;
				CLANG_WARN_UNREACHABLE_CODE = YES;
				CLANG_WARN__DUPLICATE_METHOD_MATCH = YES;
				COPY_PHASE_STRIP = NO;
				ENABLE_STRICT_OBJC_MSGSEND = YES;
				ENABLE_TESTABILITY = YES;
				GCC_C_LANGUAGE_STANDARD = gnu99;
				GCC_DYNAMIC_NO_PIC = NO;
				GCC_ENABLE_OBJC_EXCEPTIONS = YES;
				GCC_NO_COMMON_BLOCKS = YES;
				GCC_OPTIMIZATION_LEVEL = 0;
				GCC_PREPROCESSOR_DEFINITIONS = (
					"DEBUG=1",
					"$(inherited)",
				);
				GCC_SYMBOLS_PRIVATE_EXTERN = NO;
				GCC_WARN_64_TO_32_BIT_CONVERSION = YES;
				GCC_WARN_ABOUT_RETURN_TYPE = YES_ERROR;
				GCC_WARN_UNDECLARED_SELECTOR = YES;
				GCC_WARN_UNINITIALIZED_AUTOS = YES_AGGRESSIVE;
				GCC_WARN_UNUSED_FUNCTION = YES;
				GCC_WARN_UNUSED_VARIABLE = YES;
				MACOSX_DEPLOYMENT_TARGET = 10.8;
				ONLY_ACTIVE_ARCH = YES;
				SDKROOT = macosx;
			};
			name = Debug;
		};
		4F7163AB18DCCB6F008EB38B /* Release */ = {
			isa = XCBuildConfiguration;
			buildSettings = {
				ALWAYS_SEARCH_USER_PATHS = NO;
				CLANG_CXX_LANGUAGE_STANDARD = "gnu++0x";
				CLANG_CXX_LIBRARY = "libc++";
				CLANG_ENABLE_MODULES = YES;
				CLANG_ENABLE_OBJC_ARC = YES;
				CLANG_WARN_BOOL_CONVERSION = YES;
				CLANG_WARN_CONSTANT_CONVERSION = YES;
				CLANG_WARN_DIRECT_OBJC_ISA_USAGE = YES_ERROR;
				CLANG_WARN_EMPTY_BODY = YES;
				CLANG_WARN_ENUM_CONVERSION = YES;
				CLANG_WARN_INFINITE_RECURSION = YES;
				CLANG_WARN_INT_CONVERSION = YES;
				CLANG_WARN_OBJC_ROOT_CLASS = YES_ERROR;
				CLANG_WARN_SUSPICIOUS_MOVE = YES;
				CLANG_WARN_UNREACHABLE_CODE = YES;
				CLANG_WARN__DUPLICATE_METHOD_MATCH = YES;
				COPY_PHASE_STRIP = YES;
				DEBUG_INFORMATION_FORMAT = "dwarf-with-dsym";
				ENABLE_NS_ASSERTIONS = NO;
				ENABLE_STRICT_OBJC_MSGSEND = YES;
				GCC_C_LANGUAGE_STANDARD = gnu99;
				GCC_ENABLE_OBJC_EXCEPTIONS = YES;
				GCC_NO_COMMON_BLOCKS = YES;
				GCC_WARN_64_TO_32_BIT_CONVERSION = YES;
				GCC_WARN_ABOUT_RETURN_TYPE = YES_ERROR;
				GCC_WARN_UNDECLARED_SELECTOR = YES;
				GCC_WARN_UNINITIALIZED_AUTOS = YES_AGGRESSIVE;
				GCC_WARN_UNUSED_FUNCTION = YES;
				GCC_WARN_UNUSED_VARIABLE = YES;
				MACOSX_DEPLOYMENT_TARGET = 10.8;
				SDKROOT = macosx;
			};
			name = Release;
		};
		4F7163AD18DCCB6F008EB38B /* Debug */ = {
			isa = XCBuildConfiguration;
			buildSettings = {
				ASSETCATALOG_COMPILER_APPICON_NAME = AppIcon;
				CODE_SIGN_IDENTITY = "Mac Developer";
				"CODE_SIGN_IDENTITY[sdk=macosx*]" = "Mac Developer";
				COMBINE_HIDPI_IMAGES = YES;
				DEBUG_INFORMATION_FORMAT = "dwarf-with-dsym";
				DEVELOPMENT_TEAM = "";
				GCC_PRECOMPILE_PREFIX_HEADER = YES;
				GCC_PREFIX_HEADER = "Tomato Ticker/Tomato Ticker-Prefix.pch";
				INFOPLIST_FILE = "$(SRCROOT)/Twenty Five/Info.plist";
				MACOSX_DEPLOYMENT_TARGET = 10.8;
				PRODUCT_BUNDLE_IDENTIFIER = "com.evanlewis.twenty-five-mac";
				PRODUCT_NAME = "Tomato Ticker - The Work Timer";
				PROVISIONING_PROFILE = "";
				PROVISIONING_PROFILE_SPECIFIER = "";
				SDKROOT = macosx;
				WRAPPER_EXTENSION = app;
			};
			name = Debug;
		};
		4F7163AE18DCCB6F008EB38B /* Release */ = {
			isa = XCBuildConfiguration;
			buildSettings = {
				ASSETCATALOG_COMPILER_APPICON_NAME = AppIcon;
				CODE_SIGN_IDENTITY = "Mac Developer";
				"CODE_SIGN_IDENTITY[sdk=macosx*]" = "Mac Developer";
				COMBINE_HIDPI_IMAGES = YES;
				DEBUG_INFORMATION_FORMAT = "dwarf-with-dsym";
				DEVELOPMENT_TEAM = "";
				GCC_PRECOMPILE_PREFIX_HEADER = YES;
				GCC_PREFIX_HEADER = "Tomato Ticker/Tomato Ticker-Prefix.pch";
				INFOPLIST_FILE = "$(SRCROOT)/Twenty Five/Info.plist";
				MACOSX_DEPLOYMENT_TARGET = 10.8;
				PRODUCT_BUNDLE_IDENTIFIER = "com.evanlewis.twenty-five-mac";
				PRODUCT_NAME = "Tomato Ticker - The Work Timer";
				PROVISIONING_PROFILE = "";
				PROVISIONING_PROFILE_SPECIFIER = "";
				SDKROOT = macosx;
				WRAPPER_EXTENSION = app;
			};
			name = Release;
		};
/* End XCBuildConfiguration section */

/* Begin XCConfigurationList section */
		4F71637618DCCB6E008EB38B /* Build configuration list for PBXProject "TwentyFive - A Minimalist Productivity Timer" */ = {
			isa = XCConfigurationList;
			buildConfigurations = (
				4F7163AA18DCCB6F008EB38B /* Debug */,
				4F7163AB18DCCB6F008EB38B /* Release */,
			);
			defaultConfigurationIsVisible = 0;
			defaultConfigurationName = Release;
		};
		4F7163AC18DCCB6F008EB38B /* Build configuration list for PBXNativeTarget "TwentyFive - A Minimalist Productivity Timerr" */ = {
			isa = XCConfigurationList;
			buildConfigurations = (
				4F7163AD18DCCB6F008EB38B /* Debug */,
				4F7163AE18DCCB6F008EB38B /* Release */,
			);
			defaultConfigurationIsVisible = 0;
			defaultConfigurationName = Release;
		};
/* End XCConfigurationList section */
	};
	rootObject = 4F71637318DCCB6E008EB38B /* Project object */;
}
